// !$*UTF8*$!
{
	archiveVersion = 1;
	classes = {
	};
	objectVersion = 50;
	objects = {

/* Begin PBXBuildFile section */
		018F9A8B245AAD0F00EE0A2C /* AppDelegate.swift in Sources */ = {isa = PBXBuildFile; fileRef = 018F9A8A245AAD0F00EE0A2C /* AppDelegate.swift */; };
		018F9A8D245AAD0F00EE0A2C /* SceneDelegate.swift in Sources */ = {isa = PBXBuildFile; fileRef = 018F9A8C245AAD0F00EE0A2C /* SceneDelegate.swift */; };
		018F9A8F245AAD0F00EE0A2C /* ViewController.swift in Sources */ = {isa = PBXBuildFile; fileRef = 018F9A8E245AAD0F00EE0A2C /* ViewController.swift */; };
		018F9A92245AAD0F00EE0A2C /* Main.storyboard in Resources */ = {isa = PBXBuildFile; fileRef = 018F9A90245AAD0F00EE0A2C /* Main.storyboard */; };
		018F9A94245AAD1200EE0A2C /* Assets.xcassets in Resources */ = {isa = PBXBuildFile; fileRef = 018F9A93245AAD1200EE0A2C /* Assets.xcassets */; };
		018F9A97245AAD1200EE0A2C /* LaunchScreen.storyboard in Resources */ = {isa = PBXBuildFile; fileRef = 018F9A95245AAD1200EE0A2C /* LaunchScreen.storyboard */; };
/* End PBXBuildFile section */

/* Begin PBXFileReference section */
		018F9A87245AAD0F00EE0A2C /* CrazyShopping.app */ = {isa = PBXFileReference; explicitFileType = wrapper.application; includeInIndex = 0; path = CrazyShopping.app; sourceTree = BUILT_PRODUCTS_DIR; };
		018F9A8A245AAD0F00EE0A2C /* AppDelegate.swift */ = {isa = PBXFileReference; lastKnownFileType = sourcecode.swift; path = AppDelegate.swift; sourceTree = "<group>"; };
		018F9A8C245AAD0F00EE0A2C /* SceneDelegate.swift */ = {isa = PBXFileReference; lastKnownFileType = sourcecode.swift; path = SceneDelegate.swift; sourceTree = "<group>"; };
		018F9A8E245AAD0F00EE0A2C /* ViewController.swift */ = {isa = PBXFileReference; lastKnownFileType = sourcecode.swift; path = ViewController.swift; sourceTree = "<group>"; };
		018F9A91245AAD0F00EE0A2C /* Base */ = {isa = PBXFileReference; lastKnownFileType = file.storyboard; name = Base; path = Base.lproj/Main.storyboard; sourceTree = "<group>"; };
		018F9A93245AAD1200EE0A2C /* Assets.xcassets */ = {isa = PBXFileReference; lastKnownFileType = folder.assetcatalog; path = Assets.xcassets; sourceTree = "<group>"; };
		018F9A96245AAD1200EE0A2C /* Base */ = {isa = PBXFileReference; lastKnownFileType = file.storyboard; name = Base; path = Base.lproj/LaunchScreen.storyboard; sourceTree = "<group>"; };
		018F9A98245AAD1200EE0A2C /* Info.plist */ = {isa = PBXFileReference; lastKnownFileType = text.plist.xml; path = Info.plist; sourceTree = "<group>"; };
/* End PBXFileReference section */

/* Begin PBXFrameworksBuildPhase section */
		018F9A84245AAD0F00EE0A2C /* Frameworks */ = {
			isa = PBXFrameworksBuildPhase;
			buildActionMask = 2147483647;
			files = (
			);
			runOnlyForDeploymentPostprocessing = 0;
		};
/* End PBXFrameworksBuildPhase section */

/* Begin PBXGroup section */
		018F9A7E245AAD0F00EE0A2C = {
			isa = PBXGroup;
			children = (
				018F9A89245AAD0F00EE0A2C /* CrazyShopping */,
				018F9A88245AAD0F00EE0A2C /* Products */,
			);
			sourceTree = "<group>";
		};
		018F9A88245AAD0F00EE0A2C /* Products */ = {
			isa = PBXGroup;
			children = (
				018F9A87245AAD0F00EE0A2C /* CrazyShopping.app */,
			);
			name = Products;
			sourceTree = "<group>";
		};
		018F9A89245AAD0F00EE0A2C /* CrazyShopping */ = {
			isa = PBXGroup;
			children = (
				018F9A8A245AAD0F00EE0A2C /* AppDelegate.swift */,
				018F9A8C245AAD0F00EE0A2C /* SceneDelegate.swift */,
				018F9A8E245AAD0F00EE0A2C /* ViewController.swift */,
				018F9A90245AAD0F00EE0A2C /* Main.storyboard */,
				018F9A93245AAD1200EE0A2C /* Assets.xcassets */,
				018F9A95245AAD1200EE0A2C /* LaunchScreen.storyboard */,
				018F9A98245AAD1200EE0A2C /* Info.plist */,
			);
			path = CrazyShopping;
			sourceTree = "<group>";
		};
/* End PBXGroup section */

/* Begin PBXNativeTarget section */
		018F9A86245AAD0F00EE0A2C /* CrazyShopping */ = {
			isa = PBXNativeTarget;
			buildConfigurationList = 018F9A9B245AAD1200EE0A2C /* Build configuration list for PBXNativeTarget "CrazyShopping" */;
			buildPhases = (
				018F9A83245AAD0F00EE0A2C /* Sources */,
				018F9A84245AAD0F00EE0A2C /* Frameworks */,
				018F9A85245AAD0F00EE0A2C /* Resources */,
			);
			buildRules = (
			);
			dependencies = (
			);
			name = CrazyShopping;
			productName = CrazyShopping;
			productReference = 018F9A87245AAD0F00EE0A2C /* CrazyShopping.app */;
			productType = "com.apple.product-type.application";
		};
/* End PBXNativeTarget section */

/* Begin PBXProject section */
		018F9A7F245AAD0F00EE0A2C /* Project object */ = {
			isa = PBXProject;
			attributes = {
				LastSwiftUpdateCheck = 1140;
				LastUpgradeCheck = 1140;
				ORGANIZATIONNAME = NewIdea;
				TargetAttributes = {
					018F9A86245AAD0F00EE0A2C = {
						CreatedOnToolsVersion = 11.4.1;
					};
				};
			};
			buildConfigurationList = 018F9A82245AAD0F00EE0A2C /* Build configuration list for PBXProject "CrazyShopping" */;
			compatibilityVersion = "Xcode 9.3";
			developmentRegion = en;
			hasScannedForEncodings = 0;
			knownRegions = (
				en,
				Base,
			);
			mainGroup = 018F9A7E245AAD0F00EE0A2C;
			productRefGroup = 018F9A88245AAD0F00EE0A2C /* Products */;
			projectDirPath = "";
			projectRoot = "";
			targets = (
				018F9A86245AAD0F00EE0A2C /* CrazyShopping */,
			);
		};
/* End PBXProject section */

/* Begin PBXResourcesBuildPhase section */
		018F9A85245AAD0F00EE0A2C /* Resources */ = {
			isa = PBXResourcesBuildPhase;
			buildActionMask = 2147483647;
			files = (
				018F9A97245AAD1200EE0A2C /* LaunchScreen.storyboard in Resources */,
				018F9A94245AAD1200EE0A2C /* Assets.xcassets in Resources */,
				018F9A92245AAD0F00EE0A2C /* Main.storyboard in Resources */,
			);
			runOnlyForDeploymentPostprocessing = 0;
		};
/* End PBXResourcesBuildPhase section */

/* Begin PBXSourcesBuildPhase section */
		018F9A83245AAD0F00EE0A2C /* Sources */ = {
			isa = PBXSourcesBuildPhase;
			buildActionMask = 2147483647;
			files = (
				018F9A8F245AAD0F00EE0A2C /* ViewController.swift in Sources */,
				018F9A8B245AAD0F00EE0A2C /* AppDelegate.swift in Sources */,
				018F9A8D245AAD0F00EE0A2C /* SceneDelegate.swift in Sources */,
			);
			runOnlyForDeploymentPostprocessing = 0;
		};
/* End PBXSourcesBuildPhase section */

/* Begin PBXVariantGroup section */
		018F9A90245AAD0F00EE0A2C /* Main.storyboard */ = {
			isa = PBXVariantGroup;
			children = (
				018F9A91245AAD0F00EE0A2C /* Base */,
			);
			name = Main.storyboard;
			sourceTree = "<group>";
		};
		018F9A95245AAD1200EE0A2C /* LaunchScreen.storyboard */ = {
			isa = PBXVariantGroup;
			children = (
				018F9A96245AAD1200EE0A2C /* Base */,
			);
			name = LaunchScreen.storyboard;
			sourceTree = "<group>";
		};
/* End PBXVariantGroup section */

/* Begin XCBuildConfiguration section */
		018F9A99245AAD1200EE0A2C /* Debug */ = {
			isa = XCBuildConfiguration;
			buildSettings = {
				ALWAYS_SEARCH_USER_PATHS = NO;
				CLANG_ANALYZER_NONNULL = YES;
				CLANG_ANALYZER_NUMBER_OBJECT_CONVERSION = YES_AGGRESSIVE;
				CLANG_CXX_LANGUAGE_STANDARD = "gnu++14";
				CLANG_CXX_LIBRARY = "libc++";
				CLANG_ENABLE_MODULES = YES;
				CLANG_ENABLE_OBJC_ARC = YES;
				CLANG_ENABLE_OBJC_WEAK = YES;
				CLANG_WARN_BLOCK_CAPTURE_AUTORELEASING = YES;
				CLANG_WARN_BOOL_CONVERSION = YES;
				CLANG_WARN_COMMA = YES;
				CLANG_WARN_CONSTANT_CONVERSION = YES;
				CLANG_WARN_DEPRECATED_OBJC_IMPLEMENTATIONS = YES;
				CLANG_WARN_DIRECT_OBJC_ISA_USAGE = YES_ERROR;
				CLANG_WARN_DOCUMENTATION_COMMENTS = YES;
				CLANG_WARN_EMPTY_BODY = YES;
				CLANG_WARN_ENUM_CONVERSION = YES;
				CLANG_WARN_INFINITE_RECURSION = YES;
				CLANG_WARN_INT_CONVERSION = YES;
				CLANG_WARN_NON_LITERAL_NULL_CONVERSION = YES;
				CLANG_WARN_OBJC_IMPLICIT_RETAIN_SELF = YES;
				CLANG_WARN_OBJC_LITERAL_CONVERSION = YES;
				CLANG_WARN_OBJC_ROOT_CLASS = YES_ERROR;
				CLANG_WARN_RANGE_LOOP_ANALYSIS = YES;
				CLANG_WARN_STRICT_PROTOTYPES = YES;
				CLANG_WARN_SUSPICIOUS_MOVE = YES;
				CLANG_WARN_UNGUARDED_AVAILABILITY = YES_AGGRESSIVE;
				CLANG_WARN_UNREACHABLE_CODE = YES;
				CLANG_WARN__DUPLICATE_METHOD_MATCH = YES;
				COPY_PHASE_STRIP = NO;
				DEBUG_INFORMATION_FORMAT = dwarf;
				ENABLE_STRICT_OBJC_MSGSEND = YES;
				ENABLE_TESTABILITY = YES;
				GCC_C_LANGUAGE_STANDARD = gnu11;
				GCC_DYNAMIC_NO_PIC = NO;
				GCC_NO_COMMON_BLOCKS = YES;
				GCC_OPTIMIZATION_LEVEL = 0;
				GCC_PREPROCESSOR_DEFINITIONS = (
					"DEBUG=1",
					"$(inherited)",
				);
				GCC_WARN_64_TO_32_BIT_CONVERSION = YES;
				GCC_WARN_ABOUT_RETURN_TYPE = YES_ERROR;
				GCC_WARN_UNDECLARED_SELECTOR = YES;
				GCC_WARN_UNINITIALIZED_AUTOS = YES_AGGRESSIVE;
				GCC_WARN_UNUSED_FUNCTION = YES;
				GCC_WARN_UNUSED_VARIABLE = YES;
				IPHONEOS_DEPLOYMENT_TARGET = 13.4;
				MTL_ENABLE_DEBUG_INFO = INCLUDE_SOURCE;
				MTL_FAST_MATH = YES;
				ONLY_ACTIVE_ARCH = YES;
				SDKROOT = iphoneos;
				SWIFT_ACTIVE_COMPILATION_CONDITIONS = DEBUG;
				SWIFT_OPTIMIZATION_LEVEL = "-Onone";
			};
			name = Debug;
		};
		018F9A9A245AAD1200EE0A2C /* Release */ = {
			isa = XCBuildConfiguration;
			buildSettings = {
				ALWAYS_SEARCH_USER_PATHS = NO;
				CLANG_ANALYZER_NONNULL = YES;
				CLANG_ANALYZER_NUMBER_OBJECT_CONVERSION = YES_AGGRESSIVE;
				CLANG_CXX_LANGUAGE_STANDARD = "gnu++14";
				CLANG_CXX_LIBRARY = "libc++";
				CLANG_ENABLE_MODULES = YES;
				CLANG_ENABLE_OBJC_ARC = YES;
				CLANG_ENABLE_OBJC_WEAK = YES;
				CLANG_WARN_BLOCK_CAPTURE_AUTORELEASING = YES;
				CLANG_WARN_BOOL_CONVERSION = YES;
				CLANG_WARN_COMMA = YES;
				CLANG_WARN_CONSTANT_CONVERSION = YES;
				CLANG_WARN_DEPRECATED_OBJC_IMPLEMENTATIONS = YES;
				CLANG_WARN_DIRECT_OBJC_ISA_USAGE = YES_ERROR;
				CLANG_WARN_DOCUMENTATION_COMMENTS = YES;
				CLANG_WARN_EMPTY_BODY = YES;
				CLANG_WARN_ENUM_CONVERSION = YES;
				CLANG_WARN_INFINITE_RECURSION = YES;
				CLANG_WARN_INT_CONVERSION = YES;
				CLANG_WARN_NON_LITERAL_NULL_CONVERSION = YES;
				CLANG_WARN_OBJC_IMPLICIT_RETAIN_SELF = YES;
				CLANG_WARN_OBJC_LITERAL_CONVERSION = YES;
				CLANG_WARN_OBJC_ROOT_CLASS = YES_ERROR;
				CLANG_WARN_RANGE_LOOP_ANALYSIS = YES;
				CLANG_WARN_STRICT_PROTOTYPES = YES;
				CLANG_WARN_SUSPICIOUS_MOVE = YES;
				CLANG_WARN_UNGUARDED_AVAILABILITY = YES_AGGRESSIVE;
				CLANG_WARN_UNREACHABLE_CODE = YES;
				CLANG_WARN__DUPLICATE_METHOD_MATCH = YES;
				COPY_PHASE_STRIP = NO;
				DEBUG_INFORMATION_FORMAT = "dwarf-with-dsym";
				ENABLE_NS_ASSERTIONS = NO;
				ENABLE_STRICT_OBJC_MSGSEND = YES;
				GCC_C_LANGUAGE_STANDARD = gnu11;
				GCC_NO_COMMON_BLOCKS = YES;
				GCC_WARN_64_TO_32_BIT_CONVERSION = YES;
				GCC_WARN_ABOUT_RETURN_TYPE = YES_ERROR;
				GCC_WARN_UNDECLARED_SELECTOR = YES;
				GCC_WARN_UNINITIALIZED_AUTOS = YES_AGGRESSIVE;
				GCC_WARN_UNUSED_FUNCTION = YES;
				GCC_WARN_UNUSED_VARIABLE = YES;
				IPHONEOS_DEPLOYMENT_TARGET = 13.4;
				MTL_ENABLE_DEBUG_INFO = NO;
				MTL_FAST_MATH = YES;
				SDKROOT = iphoneos;
				SWIFT_COMPILATION_MODE = wholemodule;
				SWIFT_OPTIMIZATION_LEVEL = "-O";
				VALIDATE_PRODUCT = YES;
			};
			name = Release;
		};
		018F9A9C245AAD1200EE0A2C /* Debug */ = {
			isa = XCBuildConfiguration;
			buildSettings = {
				ASSETCATALOG_COMPILER_APPICON_NAME = AppIcon;
				CODE_SIGN_STYLE = Automatic;
				DEVELOPMENT_TEAM = C39BVS447M;
				INFOPLIST_FILE = CrazyShopping/Info.plist;
				LD_RUNPATH_SEARCH_PATHS = (
					"$(inherited)",
					"@executable_path/Frameworks",
				);
				PRODUCT_BUNDLE_IDENTIFIER = com.NewIdea.CrazyShopping;
				PRODUCT_NAME = "$(TARGET_NAME)";
				SWIFT_VERSION = 5.0;
				TARGETED_DEVICE_FAMILY = "1,2";
			};
			name = Debug;
		};
		018F9A9D245AAD1200EE0A2C /* Release */ = {
			isa = XCBuildConfiguration;
			buildSettings = {
				ASSETCATALOG_COMPILER_APPICON_NAME = AppIcon;
				CODE_SIGN_STYLE = Automatic;
				DEVELOPMENT_TEAM = C39BVS447M;
				INFOPLIST_FILE = CrazyShopping/Info.plist;
				LD_RUNPATH_SEARCH_PATHS = (
					"$(inherited)",
					"@executable_path/Frameworks",
				);
				PRODUCT_BUNDLE_IDENTIFIER = com.NewIdea.CrazyShopping;
				PRODUCT_NAME = "$(TARGET_NAME)";
				SWIFT_VERSION = 5.0;
				TARGETED_DEVICE_FAMILY = "1,2";
			};
			name = Release;
		};
/* End XCBuildConfiguration section */

/* Begin XCConfigurationList section */
		018F9A82245AAD0F00EE0A2C /* Build configuration list for PBXProject "CrazyShopping" */ = {
			isa = XCConfigurationList;
			buildConfigurations = (
				018F9A99245AAD1200EE0A2C /* Debug */,
				018F9A9A245AAD1200EE0A2C /* Release */,
			);
			defaultConfigurationIsVisible = 0;
			defaultConfigurationName = Release;
		};
		018F9A9B245AAD1200EE0A2C /* Build configuration list for PBXNativeTarget "CrazyShopping" */ = {
			isa = XCConfigurationList;
			buildConfigurations = (
				018F9A9C245AAD1200EE0A2C /* Debug */,
				018F9A9D245AAD1200EE0A2C /* Release */,
			);
			defaultConfigurationIsVisible = 0;
			defaultConfigurationName = Release;
		};
/* End XCConfigurationList section */
	};
	rootObject = 018F9A7F245AAD0F00EE0A2C /* Project object */;
}
